<?xml version="1.0" encoding="UTF-8" standalone="yes" ?>
<CodeBlocks_project_file>
	<FileVersion major="1" minor="6" />
	<Project>
		<Option title="Chinczyk" />
		<Option pch_mode="2" />
		<Option compiler="gcc" />
		<Build>
			<Target title="Debug">
				<Option output="bin/Debug/Chinczyk" prefix_auto="1" extension_auto="1" />
				<Option object_output="obj/Debug/" />
				<Option type="0" />
				<Option compiler="gcc" />
				<Compiler>
					<Add option="-std=c++14" />
					<Add option="-g" />
					<Add directory="include" />
					<Add directory="usr/local/include/SFML/" />
				</Compiler>
				<Linker>
					<Add library="sfml-graphics-d" />
					<Add library="sfml-window-d" />
					<Add library="sfml-system-d" />
					<Add directory="/usr/local/lib/SFML/" />
				</Linker>
			</Target>
			<Target title="Release">
				<Option output="bin/Release/Chinczyk" prefix_auto="1" extension_auto="1" />
				<Option object_output="obj/Release/" />
				<Option type="1" />
				<Option compiler="gcc" />
				<Option use_console_runner="0" />
				<Compiler>
					<Add option="-O2" />
					<Add option="-std=c++14" />
					<Add directory="include" />
					<Add directory="usr/local/include/SFML/" />
				</Compiler>
				<Linker>
					<Add option="-s" />
					<Add library="sfml-graphics" />
					<Add library="sfml-window" />
					<Add library="sfml-system" />
					<Add directory="/usr/local/lib/SFML/" />
				</Linker>
			</Target>
		</Build>
		<Compiler>
			<Add option="-Wall" />
		</Compiler>
		<Unit filename="include/ElementGry.h" />
		<Unit filename="include/Gra.h" />
		<Unit filename="include/Kolor.h" />
		<Unit filename="include/Pionek.h" />
		<Unit filename="include/Plansza.h" />
		<Unit filename="include/Pole.h" />
		<Unit filename="include/SFMLSupport.h" />
		<Unit filename="include/ZbiorPol.h" />
		<Unit filename="main.cpp" />
		<Unit filename="res/arial.ttf" />
		<Unit filename="res/kosc-cztery.png" />
		<Unit filename="res/kosc-dwa.png" />
		<Unit filename="res/kosc-jeden.png" />
		<Unit filename="res/kosc-piec.png" />
		<Unit filename="res/kosc-szesc.png" />
		<Unit filename="res/kosc-trzy.png" />
		<Unit filename="src/Gra.cpp" />
		<Unit filename="src/Pionek.cpp" />
		<Unit filename="src/Plansza.cpp" />
		<Unit filename="src/Pole.cpp" />
		<Unit filename="src/SFMLSupport.cpp" />
		<Unit filename="src/ZbiorPol.cpp" />
		<Extensions />
	</Project>
</CodeBlocks_project_file>
